// !$*UTF8*$!
{
	archiveVersion = 1;
	classes = {
	};
	objectVersion = 50;
	objects = {

/* Begin PBXBuildFile section */
		5B935C47225711F70006360A /* AppDelegate.swift in Sources */ = {isa = PBXBuildFile; fileRef = 5B935C3F225711F60006360A /* AppDelegate.swift */; };
		5B935C48225711F70006360A /* Resources in Resources */ = {isa = PBXBuildFile; fileRef = 5B935C40225711F60006360A /* Resources */; };
		5B935C49225711F70006360A /* Views in Resources */ = {isa = PBXBuildFile; fileRef = 5B935C41225711F60006360A /* Views */; };
		5B935C4A225711F70006360A /* main.swift in Sources */ = {isa = PBXBuildFile; fileRef = 5B935C42225711F60006360A /* main.swift */; };
		5B935C4B225711F70006360A /* SObjects in Resources */ = {isa = PBXBuildFile; fileRef = 5B935C43225711F70006360A /* SObjects */; };
		5B935C4C225711F70006360A /* ViewControllers in Resources */ = {isa = PBXBuildFile; fileRef = 5B935C44225711F70006360A /* ViewControllers */; };
		5B935C4D225711F70006360A /* Helpers in Resources */ = {isa = PBXBuildFile; fileRef = 5B935C45225711F70006360A /* Helpers */; };
		5BA523C3225711430025A866 /* Main.storyboard in Resources */ = {isa = PBXBuildFile; fileRef = 5BA523C1225711430025A866 /* Main.storyboard */; };
		5BA523C5225711440025A866 /* Assets.xcassets in Resources */ = {isa = PBXBuildFile; fileRef = 5BA523C4225711440025A866 /* Assets.xcassets */; };
		5BA523C8225711440025A866 /* LaunchScreen.storyboard in Resources */ = {isa = PBXBuildFile; fileRef = 5BA523C6225711440025A866 /* LaunchScreen.storyboard */; };
		5BA523D1225712A30025A866 /* InitialViewController.swift in Sources */ = {isa = PBXBuildFile; fileRef = 5BA523CF225712A20025A866 /* InitialViewController.swift */; };
		5BA523D2225712A30025A866 /* RootViewController.swift in Sources */ = {isa = PBXBuildFile; fileRef = 5BA523D0225712A30025A866 /* RootViewController.swift */; };
		5BA523D6225712CD0025A866 /* AdditionalActionsViewController.swift in Sources */ = {isa = PBXBuildFile; fileRef = 5BA523D3225712CD0025A866 /* AdditionalActionsViewController.swift */; };
		5BA523D7225712CD0025A866 /* UniversalViewController.swift in Sources */ = {isa = PBXBuildFile; fileRef = 5BA523D4225712CD0025A866 /* UniversalViewController.swift */; };
		5BA523D8225712CD0025A866 /* ContactDetailViewController.swift in Sources */ = {isa = PBXBuildFile; fileRef = 5BA523D5225712CD0025A866 /* ContactDetailViewController.swift */; };
		5BA523DB225712D40025A866 /* Contacts.swift in Sources */ = {isa = PBXBuildFile; fileRef = 5BA523D9225712D40025A866 /* Contacts.swift */; };
		5BA523DC225712D40025A866 /* SObjects.swift in Sources */ = {isa = PBXBuildFile; fileRef = 5BA523DA225712D40025A866 /* SObjects.swift */; };
		5BA523DE225712D90025A866 /* ContactTableViewCell.swift in Sources */ = {isa = PBXBuildFile; fileRef = 5BA523DD225712D80025A866 /* ContactTableViewCell.swift */; };
		5BA523E3225712EE0025A866 /* Constants.swift in Sources */ = {isa = PBXBuildFile; fileRef = 5BA523DF225712ED0025A866 /* Constants.swift */; };
		5BA523E4225712EE0025A866 /* ContactHelpers.swift in Sources */ = {isa = PBXBuildFile; fileRef = 5BA523E0225712EE0025A866 /* ContactHelpers.swift */; };
		5BA523E5225712EE0025A866 /* UIColors+helper.swift in Sources */ = {isa = PBXBuildFile; fileRef = 5BA523E1225712EE0025A866 /* UIColors+helper.swift */; };
		5BA523E6225712EE0025A866 /* UIFont+helper.swift in Sources */ = {isa = PBXBuildFile; fileRef = 5BA523E2225712EE0025A866 /* UIFont+helper.swift */; };
		5BA523E82257134A0025A866 /* Info.plist in Resources */ = {isa = PBXBuildFile; fileRef = 5BA523E72257134A0025A866 /* Info.plist */; };
		9C1EEE9BF7A87E3537D5BE65 /* Pods_SmartSyncSample.framework in Frameworks */ = {isa = PBXBuildFile; fileRef = FCD482FE31E774AAC06C41FA /* Pods_SmartSyncSample.framework */; };
/* End PBXBuildFile section */

/* Begin PBXFileReference section */
		5B935C3E225711F50006360A /* SmartSyncSample-Bridging-Header.h */ = {isa = PBXFileReference; lastKnownFileType = sourcecode.c.h; path = "SmartSyncSample-Bridging-Header.h"; sourceTree = "<group>"; };
		5B935C3F225711F60006360A /* AppDelegate.swift */ = {isa = PBXFileReference; fileEncoding = 4; lastKnownFileType = sourcecode.swift; name = AppDelegate.swift; path = "../../SalesforceMobileSDK-Templates/SmartSyncExplorerSwift/SmartSyncExplorerSwift/AppDelegate.swift"; sourceTree = "<group>"; };
		5B935C40225711F60006360A /* Resources */ = {isa = PBXFileReference; lastKnownFileType = folder; path = Resources; sourceTree = "<group>"; };
		5B935C41225711F60006360A /* Views */ = {isa = PBXFileReference; lastKnownFileType = folder; path = Views; sourceTree = "<group>"; };
		5B935C42225711F60006360A /* main.swift */ = {isa = PBXFileReference; fileEncoding = 4; lastKnownFileType = sourcecode.swift; path = main.swift; sourceTree = "<group>"; };
		5B935C43225711F70006360A /* SObjects */ = {isa = PBXFileReference; lastKnownFileType = folder; path = SObjects; sourceTree = "<group>"; };
		5B935C44225711F70006360A /* ViewControllers */ = {isa = PBXFileReference; lastKnownFileType = folder; path = ViewControllers; sourceTree = "<group>"; };
		5B935C45225711F70006360A /* Helpers */ = {isa = PBXFileReference; lastKnownFileType = folder; path = Helpers; sourceTree = "<group>"; };
		5B935C46225711F70006360A /* Bridging-Header.h */ = {isa = PBXFileReference; fileEncoding = 4; lastKnownFileType = sourcecode.c.h; path = "Bridging-Header.h"; sourceTree = "<group>"; };
		5BA523BA225711430025A866 /* SmartSyncSample.app */ = {isa = PBXFileReference; explicitFileType = wrapper.application; includeInIndex = 0; path = SmartSyncSample.app; sourceTree = BUILT_PRODUCTS_DIR; };
		5BA523C2225711430025A866 /* Base */ = {isa = PBXFileReference; lastKnownFileType = file.storyboard; name = Base; path = Base.lproj/Main.storyboard; sourceTree = "<group>"; };
		5BA523C4225711440025A866 /* Assets.xcassets */ = {isa = PBXFileReference; lastKnownFileType = folder.assetcatalog; path = Assets.xcassets; sourceTree = "<group>"; };
		5BA523C7225711440025A866 /* Base */ = {isa = PBXFileReference; lastKnownFileType = file.storyboard; name = Base; path = Base.lproj/LaunchScreen.storyboard; sourceTree = "<group>"; };
		5BA523CF225712A20025A866 /* InitialViewController.swift */ = {isa = PBXFileReference; lastKnownFileType = sourcecode.swift; path = InitialViewController.swift; sourceTree = "<group>"; };
		5BA523D0225712A30025A866 /* RootViewController.swift */ = {isa = PBXFileReference; lastKnownFileType = sourcecode.swift; path = RootViewController.swift; sourceTree = "<group>"; };
		5BA523D3225712CD0025A866 /* AdditionalActionsViewController.swift */ = {isa = PBXFileReference; lastKnownFileType = sourcecode.swift; path = AdditionalActionsViewController.swift; sourceTree = "<group>"; };
		5BA523D4225712CD0025A866 /* UniversalViewController.swift */ = {isa = PBXFileReference; lastKnownFileType = sourcecode.swift; path = UniversalViewController.swift; sourceTree = "<group>"; };
		5BA523D5225712CD0025A866 /* ContactDetailViewController.swift */ = {isa = PBXFileReference; lastKnownFileType = sourcecode.swift; path = ContactDetailViewController.swift; sourceTree = "<group>"; };
		5BA523D9225712D40025A866 /* Contacts.swift */ = {isa = PBXFileReference; lastKnownFileType = sourcecode.swift; path = Contacts.swift; sourceTree = "<group>"; };
		5BA523DA225712D40025A866 /* SObjects.swift */ = {isa = PBXFileReference; lastKnownFileType = sourcecode.swift; path = SObjects.swift; sourceTree = "<group>"; };
		5BA523DD225712D80025A866 /* ContactTableViewCell.swift */ = {isa = PBXFileReference; lastKnownFileType = sourcecode.swift; path = ContactTableViewCell.swift; sourceTree = "<group>"; };
		5BA523DF225712ED0025A866 /* Constants.swift */ = {isa = PBXFileReference; lastKnownFileType = sourcecode.swift; path = Constants.swift; sourceTree = "<group>"; };
		5BA523E0225712EE0025A866 /* ContactHelpers.swift */ = {isa = PBXFileReference; lastKnownFileType = sourcecode.swift; path = ContactHelpers.swift; sourceTree = "<group>"; };
		5BA523E1225712EE0025A866 /* UIColors+helper.swift */ = {isa = PBXFileReference; lastKnownFileType = sourcecode.swift; path = "UIColors+helper.swift"; sourceTree = "<group>"; };
		5BA523E2225712EE0025A866 /* UIFont+helper.swift */ = {isa = PBXFileReference; lastKnownFileType = sourcecode.swift; path = "UIFont+helper.swift"; sourceTree = "<group>"; };
		5BA523E72257134A0025A866 /* Info.plist */ = {isa = PBXFileReference; fileEncoding = 4; lastKnownFileType = text.plist.xml; name = Info.plist; path = "../../SalesforceMobileSDK-Templates/SmartSyncExplorerSwift/SmartSyncExplorerSwift/Info.plist"; sourceTree = "<group>"; };
		9308BFCBDB5DEB90A5D645B4 /* Pods-SmartSyncSample.debug.xcconfig */ = {isa = PBXFileReference; includeInIndex = 1; lastKnownFileType = text.xcconfig; name = "Pods-SmartSyncSample.debug.xcconfig"; path = "Pods/Target Support Files/Pods-SmartSyncSample/Pods-SmartSyncSample.debug.xcconfig"; sourceTree = "<group>"; };
		DFD3695A8E38710130A6E0D0 /* Pods-SmartSyncSample.release.xcconfig */ = {isa = PBXFileReference; includeInIndex = 1; lastKnownFileType = text.xcconfig; name = "Pods-SmartSyncSample.release.xcconfig"; path = "Pods/Target Support Files/Pods-SmartSyncSample/Pods-SmartSyncSample.release.xcconfig"; sourceTree = "<group>"; };
		FCD482FE31E774AAC06C41FA /* Pods_SmartSyncSample.framework */ = {isa = PBXFileReference; explicitFileType = wrapper.framework; includeInIndex = 0; path = Pods_SmartSyncSample.framework; sourceTree = BUILT_PRODUCTS_DIR; };
/* End PBXFileReference section */

/* Begin PBXFrameworksBuildPhase section */
		5BA523B7225711430025A866 /* Frameworks */ = {
			isa = PBXFrameworksBuildPhase;
			buildActionMask = 2147483647;
			files = (
				9C1EEE9BF7A87E3537D5BE65 /* Pods_SmartSyncSample.framework in Frameworks */,
			);
			runOnlyForDeploymentPostprocessing = 0;
		};
/* End PBXFrameworksBuildPhase section */

/* Begin PBXGroup section */
		4C77EA15484C984CB9F166BF /* Pods */ = {
			isa = PBXGroup;
			children = (
				9308BFCBDB5DEB90A5D645B4 /* Pods-SmartSyncSample.debug.xcconfig */,
				DFD3695A8E38710130A6E0D0 /* Pods-SmartSyncSample.release.xcconfig */,
			);
			name = Pods;
			sourceTree = "<group>";
		};
		5BA523B1225711430025A866 = {
			isa = PBXGroup;
			children = (
				5BA523BC225711430025A866 /* SmartSyncSample */,
				5BA523BB225711430025A866 /* Products */,
				4C77EA15484C984CB9F166BF /* Pods */,
				724D7580A99341D7E1D659D4 /* Frameworks */,
			);
			sourceTree = "<group>";
		};
		5BA523BB225711430025A866 /* Products */ = {
			isa = PBXGroup;
			children = (
				5BA523BA225711430025A866 /* SmartSyncSample.app */,
			);
			name = Products;
			sourceTree = "<group>";
		};
		5BA523BC225711430025A866 /* SmartSyncSample */ = {
			isa = PBXGroup;
			children = (
				5B935C3F225711F60006360A /* AppDelegate.swift */,
				5B935C46225711F70006360A /* Bridging-Header.h */,
				5B935C45225711F70006360A /* Helpers */,
				5B935C40225711F60006360A /* Resources */,
				5B935C43225711F70006360A /* SObjects */,
				5B935C44225711F70006360A /* ViewControllers */,
				5B935C41225711F60006360A /* Views */,
				5BA523C1225711430025A866 /* Main.storyboard */,
				5B935C42225711F60006360A /* main.swift */,
				5BA523DF225712ED0025A866 /* Constants.swift */,
				5BA523E0225712EE0025A866 /* ContactHelpers.swift */,
				5BA523E1225712EE0025A866 /* UIColors+helper.swift */,
				5BA523E2225712EE0025A866 /* UIFont+helper.swift */,
				5BA523DD225712D80025A866 /* ContactTableViewCell.swift */,
				5BA523D9225712D40025A866 /* Contacts.swift */,
				5BA523DA225712D40025A866 /* SObjects.swift */,
				5BA523D3225712CD0025A866 /* AdditionalActionsViewController.swift */,
				5BA523D5225712CD0025A866 /* ContactDetailViewController.swift */,
				5BA523D4225712CD0025A866 /* UniversalViewController.swift */,
				5BA523CF225712A20025A866 /* InitialViewController.swift */,
				5BA523D0225712A30025A866 /* RootViewController.swift */,
				5BA523C4225711440025A866 /* Assets.xcassets */,
				5BA523C6225711440025A866 /* LaunchScreen.storyboard */,
				5BA523E72257134A0025A866 /* Info.plist */,
				5B935C3E225711F50006360A /* SmartSyncSample-Bridging-Header.h */,
			);
			path = SmartSyncSample;
			sourceTree = "<group>";
		};
		724D7580A99341D7E1D659D4 /* Frameworks */ = {
			isa = PBXGroup;
			children = (
				FCD482FE31E774AAC06C41FA /* Pods_SmartSyncSample.framework */,
			);
			name = Frameworks;
			sourceTree = "<group>";
		};
/* End PBXGroup section */

/* Begin PBXNativeTarget section */
		5BA523B9225711430025A866 /* SmartSyncSample */ = {
			isa = PBXNativeTarget;
			buildConfigurationList = 5BA523CC225711440025A866 /* Build configuration list for PBXNativeTarget "SmartSyncSample" */;
			buildPhases = (
				E334FAE3CFABA3121612FEF7 /* [CP] Check Pods Manifest.lock */,
				5BA523B6225711430025A866 /* Sources */,
				5BA523B7225711430025A866 /* Frameworks */,
				5BA523B8225711430025A866 /* Resources */,
				0462EAEA1CD82000F04DB8DF /* [CP] Embed Pods Frameworks */,
			);
			buildRules = (
			);
			dependencies = (
			);
			name = SmartSyncSample;
			productName = SmartSyncSample;
			productReference = 5BA523BA225711430025A866 /* SmartSyncSample.app */;
			productType = "com.apple.product-type.application";
		};
/* End PBXNativeTarget section */

/* Begin PBXProject section */
		5BA523B2225711430025A866 /* Project object */ = {
			isa = PBXProject;
			attributes = {
				LastSwiftUpdateCheck = 0940;
				LastUpgradeCheck = 0940;
				ORGANIZATIONNAME = "Iichiro Kawashima";
				TargetAttributes = {
					5BA523B9225711430025A866 = {
						CreatedOnToolsVersion = 9.4;
						LastSwiftMigration = 1010;
					};
				};
			};
			buildConfigurationList = 5BA523B5225711430025A866 /* Build configuration list for PBXProject "SmartSyncSample" */;
			compatibilityVersion = "Xcode 9.3";
			developmentRegion = en;
			hasScannedForEncodings = 0;
			knownRegions = (
				en,
				Base,
			);
			mainGroup = 5BA523B1225711430025A866;
			productRefGroup = 5BA523BB225711430025A866 /* Products */;
			projectDirPath = "";
			projectRoot = "";
			targets = (
				5BA523B9225711430025A866 /* SmartSyncSample */,
			);
		};
/* End PBXProject section */

/* Begin PBXResourcesBuildPhase section */
		5BA523B8225711430025A866 /* Resources */ = {
			isa = PBXResourcesBuildPhase;
			buildActionMask = 2147483647;
			files = (
				5B935C48225711F70006360A /* Resources in Resources */,
				5BA523C8225711440025A866 /* LaunchScreen.storyboard in Resources */,
				5BA523E82257134A0025A866 /* Info.plist in Resources */,
				5B935C4D225711F70006360A /* Helpers in Resources */,
				5BA523C5225711440025A866 /* Assets.xcassets in Resources */,
				5B935C4C225711F70006360A /* ViewControllers in Resources */,
				5BA523C3225711430025A866 /* Main.storyboard in Resources */,
				5B935C49225711F70006360A /* Views in Resources */,
				5B935C4B225711F70006360A /* SObjects in Resources */,
			);
			runOnlyForDeploymentPostprocessing = 0;
		};
/* End PBXResourcesBuildPhase section */

/* Begin PBXShellScriptBuildPhase section */
		0462EAEA1CD82000F04DB8DF /* [CP] Embed Pods Frameworks */ = {
			isa = PBXShellScriptBuildPhase;
			buildActionMask = 2147483647;
			files = (
			);
			inputPaths = (
				"${SRCROOT}/Pods/Target Support Files/Pods-SmartSyncSample/Pods-SmartSyncSample-frameworks.sh",
				"${BUILT_PRODUCTS_DIR}/FMDB/FMDB.framework",
				"${BUILT_PRODUCTS_DIR}/SQLCipher/SQLCipher.framework",
				"${BUILT_PRODUCTS_DIR}/SalesforceAnalytics/SalesforceAnalytics.framework",
				"${BUILT_PRODUCTS_DIR}/SalesforceSDKCommon/SalesforceSDKCommon.framework",
				"${BUILT_PRODUCTS_DIR}/SalesforceSDKCore/SalesforceSDKCore.framework",
				"${BUILT_PRODUCTS_DIR}/SmartStore/SmartStore.framework",
				"${BUILT_PRODUCTS_DIR}/SmartSync/SmartSync.framework",
			);
			name = "[CP] Embed Pods Frameworks";
			outputPaths = (
				"${TARGET_BUILD_DIR}/${FRAMEWORKS_FOLDER_PATH}/FMDB.framework",
				"${TARGET_BUILD_DIR}/${FRAMEWORKS_FOLDER_PATH}/SQLCipher.framework",
				"${TARGET_BUILD_DIR}/${FRAMEWORKS_FOLDER_PATH}/SalesforceAnalytics.framework",
				"${TARGET_BUILD_DIR}/${FRAMEWORKS_FOLDER_PATH}/SalesforceSDKCommon.framework",
				"${TARGET_BUILD_DIR}/${FRAMEWORKS_FOLDER_PATH}/SalesforceSDKCore.framework",
				"${TARGET_BUILD_DIR}/${FRAMEWORKS_FOLDER_PATH}/SmartStore.framework",
				"${TARGET_BUILD_DIR}/${FRAMEWORKS_FOLDER_PATH}/SmartSync.framework",
			);
			runOnlyForDeploymentPostprocessing = 0;
			shellPath = /bin/sh;
			shellScript = "\"${SRCROOT}/Pods/Target Support Files/Pods-SmartSyncSample/Pods-SmartSyncSample-frameworks.sh\"\n";
			showEnvVarsInLog = 0;
		};
		E334FAE3CFABA3121612FEF7 /* [CP] Check Pods Manifest.lock */ = {
			isa = PBXShellScriptBuildPhase;
			buildActionMask = 2147483647;
			files = (
			);
			inputPaths = (
				"${PODS_PODFILE_DIR_PATH}/Podfile.lock",
				"${PODS_ROOT}/Manifest.lock",
			);
			name = "[CP] Check Pods Manifest.lock";
			outputPaths = (
				"$(DERIVED_FILE_DIR)/Pods-SmartSyncSample-checkManifestLockResult.txt",
			);
			runOnlyForDeploymentPostprocessing = 0;
			shellPath = /bin/sh;
			shellScript = "diff \"${PODS_PODFILE_DIR_PATH}/Podfile.lock\" \"${PODS_ROOT}/Manifest.lock\" > /dev/null\nif [ $? != 0 ] ; then\n    # print error to STDERR\n    echo \"error: The sandbox is not in sync with the Podfile.lock. Run 'pod install' or update your CocoaPods installation.\" >&2\n    exit 1\nfi\n# This output is used by Xcode 'outputs' to avoid re-running this script phase.\necho \"SUCCESS\" > \"${SCRIPT_OUTPUT_FILE_0}\"\n";
			showEnvVarsInLog = 0;
		};
/* End PBXShellScriptBuildPhase section */

/* Begin PBXSourcesBuildPhase section */
		5BA523B6225711430025A866 /* Sources */ = {
			isa = PBXSourcesBuildPhase;
			buildActionMask = 2147483647;
			files = (
				5BA523DB225712D40025A866 /* Contacts.swift in Sources */,
				5BA523E3225712EE0025A866 /* Constants.swift in Sources */,
				5BA523D7225712CD0025A866 /* UniversalViewController.swift in Sources */,
				5BA523D1225712A30025A866 /* InitialViewController.swift in Sources */,
				5BA523D6225712CD0025A866 /* AdditionalActionsViewController.swift in Sources */,
				5BA523D8225712CD0025A866 /* ContactDetailViewController.swift in Sources */,
				5B935C4A225711F70006360A /* main.swift in Sources */,
				5BA523DE225712D90025A866 /* ContactTableViewCell.swift in Sources */,
				5BA523D2225712A30025A866 /* RootViewController.swift in Sources */,
				5B935C47225711F70006360A /* AppDelegate.swift in Sources */,
				5BA523E6225712EE0025A866 /* UIFont+helper.swift in Sources */,
				5BA523E4225712EE0025A866 /* ContactHelpers.swift in Sources */,
				5BA523E5225712EE0025A866 /* UIColors+helper.swift in Sources */,
				5BA523DC225712D40025A866 /* SObjects.swift in Sources */,
			);
			runOnlyForDeploymentPostprocessing = 0;
		};
/* End PBXSourcesBuildPhase section */

/* Begin PBXVariantGroup section */
		5BA523C1225711430025A866 /* Main.storyboard */ = {
			isa = PBXVariantGroup;
			children = (
				5BA523C2225711430025A866 /* Base */,
			);
			name = Main.storyboard;
			sourceTree = "<group>";
		};
		5BA523C6225711440025A866 /* LaunchScreen.storyboard */ = {
			isa = PBXVariantGroup;
			children = (
				5BA523C7225711440025A866 /* Base */,
			);
			name = LaunchScreen.storyboard;
			sourceTree = "<group>";
		};
/* End PBXVariantGroup section */

/* Begin XCBuildConfiguration section */
		5BA523CA225711440025A866 /* Debug */ = {
			isa = XCBuildConfiguration;
			buildSettings = {
				ALWAYS_SEARCH_USER_PATHS = NO;
				CLANG_ANALYZER_NONNULL = YES;
				CLANG_ANALYZER_NUMBER_OBJECT_CONVERSION = YES_AGGRESSIVE;
				CLANG_CXX_LANGUAGE_STANDARD = "gnu++14";
				CLANG_CXX_LIBRARY = "libc++";
				CLANG_ENABLE_MODULES = YES;
				CLANG_ENABLE_OBJC_ARC = YES;
				CLANG_ENABLE_OBJC_WEAK = YES;
				CLANG_WARN_BLOCK_CAPTURE_AUTORELEASING = YES;
				CLANG_WARN_BOOL_CONVERSION = YES;
				CLANG_WARN_COMMA = YES;
				CLANG_WARN_CONSTANT_CONVERSION = YES;
				CLANG_WARN_DEPRECATED_OBJC_IMPLEMENTATIONS = YES;
				CLANG_WARN_DIRECT_OBJC_ISA_USAGE = YES_ERROR;
				CLANG_WARN_DOCUMENTATION_COMMENTS = YES;
				CLANG_WARN_EMPTY_BODY = YES;
				CLANG_WARN_ENUM_CONVERSION = YES;
				CLANG_WARN_INFINITE_RECURSION = YES;
				CLANG_WARN_INT_CONVERSION = YES;
				CLANG_WARN_NON_LITERAL_NULL_CONVERSION = YES;
				CLANG_WARN_OBJC_IMPLICIT_RETAIN_SELF = YES;
				CLANG_WARN_OBJC_LITERAL_CONVERSION = YES;
				CLANG_WARN_OBJC_ROOT_CLASS = YES_ERROR;
				CLANG_WARN_RANGE_LOOP_ANALYSIS = YES;
				CLANG_WARN_STRICT_PROTOTYPES = YES;
				CLANG_WARN_SUSPICIOUS_MOVE = YES;
				CLANG_WARN_UNGUARDED_AVAILABILITY = YES_AGGRESSIVE;
				CLANG_WARN_UNREACHABLE_CODE = YES;
				CLANG_WARN__DUPLICATE_METHOD_MATCH = YES;
				CODE_SIGN_IDENTITY = "iPhone Developer";
				COPY_PHASE_STRIP = NO;
				DEBUG_INFORMATION_FORMAT = dwarf;
				ENABLE_STRICT_OBJC_MSGSEND = YES;
				ENABLE_TESTABILITY = YES;
				GCC_C_LANGUAGE_STANDARD = gnu11;
				GCC_DYNAMIC_NO_PIC = NO;
				GCC_NO_COMMON_BLOCKS = YES;
				GCC_OPTIMIZATION_LEVEL = 0;
				GCC_PREPROCESSOR_DEFINITIONS = (
					"DEBUG=1",
					"$(inherited)",
				);
				GCC_WARN_64_TO_32_BIT_CONVERSION = YES;
				GCC_WARN_ABOUT_RETURN_TYPE = YES_ERROR;
				GCC_WARN_UNDECLARED_SELECTOR = YES;
				GCC_WARN_UNINITIALIZED_AUTOS = YES_AGGRESSIVE;
				GCC_WARN_UNUSED_FUNCTION = YES;
				GCC_WARN_UNUSED_VARIABLE = YES;
				IPHONEOS_DEPLOYMENT_TARGET = 11.4;
				MTL_ENABLE_DEBUG_INFO = YES;
				ONLY_ACTIVE_ARCH = YES;
				SDKROOT = iphoneos;
				SWIFT_ACTIVE_COMPILATION_CONDITIONS = DEBUG;
				SWIFT_OPTIMIZATION_LEVEL = "-Onone";
			};
			name = Debug;
		};
		5BA523CB225711440025A866 /* Release */ = {
			isa = XCBuildConfiguration;
			buildSettings = {
				ALWAYS_SEARCH_USER_PATHS = NO;
				CLANG_ANALYZER_NONNULL = YES;
				CLANG_ANALYZER_NUMBER_OBJECT_CONVERSION = YES_AGGRESSIVE;
				CLANG_CXX_LANGUAGE_STANDARD = "gnu++14";
				CLANG_CXX_LIBRARY = "libc++";
				CLANG_ENABLE_MODULES = YES;
				CLANG_ENABLE_OBJC_ARC = YES;
				CLANG_ENABLE_OBJC_WEAK = YES;
				CLANG_WARN_BLOCK_CAPTURE_AUTORELEASING = YES;
				CLANG_WARN_BOOL_CONVERSION = YES;
				CLANG_WARN_COMMA = YES;
				CLANG_WARN_CONSTANT_CONVERSION = YES;
				CLANG_WARN_DEPRECATED_OBJC_IMPLEMENTATIONS = YES;
				CLANG_WARN_DIRECT_OBJC_ISA_USAGE = YES_ERROR;
				CLANG_WARN_DOCUMENTATION_COMMENTS = YES;
				CLANG_WARN_EMPTY_BODY = YES;
				CLANG_WARN_ENUM_CONVERSION = YES;
				CLANG_WARN_INFINITE_RECURSION = YES;
				CLANG_WARN_INT_CONVERSION = YES;
				CLANG_WARN_NON_LITERAL_NULL_CONVERSION = YES;
				CLANG_WARN_OBJC_IMPLICIT_RETAIN_SELF = YES;
				CLANG_WARN_OBJC_LITERAL_CONVERSION = YES;
				CLANG_WARN_OBJC_ROOT_CLASS = YES_ERROR;
				CLANG_WARN_RANGE_LOOP_ANALYSIS = YES;
				CLANG_WARN_STRICT_PROTOTYPES = YES;
				CLANG_WARN_SUSPICIOUS_MOVE = YES;
				CLANG_WARN_UNGUARDED_AVAILABILITY = YES_AGGRESSIVE;
				CLANG_WARN_UNREACHABLE_CODE = YES;
				CLANG_WARN__DUPLICATE_METHOD_MATCH = YES;
				CODE_SIGN_IDENTITY = "iPhone Developer";
				COPY_PHASE_STRIP = NO;
				DEBUG_INFORMATION_FORMAT = "dwarf-with-dsym";
				ENABLE_NS_ASSERTIONS = NO;
				ENABLE_STRICT_OBJC_MSGSEND = YES;
				GCC_C_LANGUAGE_STANDARD = gnu11;
				GCC_NO_COMMON_BLOCKS = YES;
				GCC_WARN_64_TO_32_BIT_CONVERSION = YES;
				GCC_WARN_ABOUT_RETURN_TYPE = YES_ERROR;
				GCC_WARN_UNDECLARED_SELECTOR = YES;
				GCC_WARN_UNINITIALIZED_AUTOS = YES_AGGRESSIVE;
				GCC_WARN_UNUSED_FUNCTION = YES;
				GCC_WARN_UNUSED_VARIABLE = YES;
				IPHONEOS_DEPLOYMENT_TARGET = 11.4;
				MTL_ENABLE_DEBUG_INFO = NO;
				SDKROOT = iphoneos;
				SWIFT_COMPILATION_MODE = wholemodule;
				SWIFT_OPTIMIZATION_LEVEL = "-O";
				VALIDATE_PRODUCT = YES;
			};
			name = Release;
		};
		5BA523CD225711440025A866 /* Debug */ = {
			isa = XCBuildConfiguration;
			baseConfigurationReference = 9308BFCBDB5DEB90A5D645B4 /* Pods-SmartSyncSample.debug.xcconfig */;
			buildSettings = {
				ASSETCATALOG_COMPILER_APPICON_NAME = AppIcon;
				CLANG_ENABLE_MODULES = YES;
				CODE_SIGN_STYLE = Manual;
				DEVELOPMENT_TEAM = B46YA9GNL5;
				INFOPLIST_FILE = SmartSyncSample/Info.plist;
				LD_RUNPATH_SEARCH_PATHS = (
					"$(inherited)",
					"@executable_path/Frameworks",
				);
				PRODUCT_BUNDLE_IDENTIFIER = com.IichiroKawashima.SmartSyncSample;
				PRODUCT_NAME = "$(TARGET_NAME)";
				PROVISIONING_PROFILE = "e47ad97c-d314-4d32-8414-3681390da531";
				PROVISIONING_PROFILE_SPECIFIER = DevWildcard;
				SWIFT_OBJC_BRIDGING_HEADER = "SmartSyncSample/SmartSyncSample-Bridging-Header.h";
				SWIFT_OPTIMIZATION_LEVEL = "-Onone";
				SWIFT_VERSION = 4.0;
				TARGETED_DEVICE_FAMILY = "1,2";
			};
			name = Debug;
		};
		5BA523CE225711440025A866 /* Release */ = {
			isa = XCBuildConfiguration;
			baseConfigurationReference = DFD3695A8E38710130A6E0D0 /* Pods-SmartSyncSample.release.xcconfig */;
			buildSettings = {
				ASSETCATALOG_COMPILER_APPICON_NAME = AppIcon;
				CLANG_ENABLE_MODULES = YES;
				CODE_SIGN_STYLE = Manual;
				DEVELOPMENT_TEAM = B46YA9GNL5;
				INFOPLIST_FILE = SmartSyncSample/Info.plist;
				LD_RUNPATH_SEARCH_PATHS = (
					"$(inherited)",
					"@executable_path/Frameworks",
				);
				PRODUCT_BUNDLE_IDENTIFIER = com.IichiroKawashima.SmartSyncSample;
				PRODUCT_NAME = "$(TARGET_NAME)";
				PROVISIONING_PROFILE = "e47ad97c-d314-4d32-8414-3681390da531";
				PROVISIONING_PROFILE_SPECIFIER = DevWildcard;
				SWIFT_OBJC_BRIDGING_HEADER = "SmartSyncSample/SmartSyncSample-Bridging-Header.h";
				SWIFT_VERSION = 4.0;
				TARGETED_DEVICE_FAMILY = "1,2";
			};
			name = Release;
		};
/* End XCBuildConfiguration section */

/* Begin XCConfigurationList section */
		5BA523B5225711430025A866 /* Build configuration list for PBXProject "SmartSyncSample" */ = {
			isa = XCConfigurationList;
			buildConfigurations = (
				5BA523CA225711440025A866 /* Debug */,
				5BA523CB225711440025A866 /* Release */,
			);
			defaultConfigurationIsVisible = 0;
			defaultConfigurationName = Release;
		};
		5BA523CC225711440025A866 /* Build configuration list for PBXNativeTarget "SmartSyncSample" */ = {
			isa = XCConfigurationList;
			buildConfigurations = (
				5BA523CD225711440025A866 /* Debug */,
				5BA523CE225711440025A866 /* Release */,
			);
			defaultConfigurationIsVisible = 0;
			defaultConfigurationName = Release;
		};
/* End XCConfigurationList section */
	};
	rootObject = 5BA523B2225711430025A866 /* Project object */;
}
